# THIS IS AN AUTOGENERATED FILE. DO NOT EDIT THIS FILE DIRECTLY.
# yarn lockfile v1


"@supabase/auth-js@2.93.3":
  version "2.93.3"
  resolved "https://registry.yarnpkg.com/@supabase/auth-js/-/auth-js-2.93.3.tgz#1e289b91fa7ea5b9fd4e78ec1680d1fa49c4b22a"
  integrity sha512-JdnkHZPKexVGSNONtu89RHU4bxz3X9kxx+f5ZnR5osoCIX+vs/MckwWRPZEybAEvlJXt5xjomDb3IB876QCxWQ==
  dependencies:
    tslib "2.8.1"

"@supabase/functions-js@2.93.3":
  version "2.93.3"
  resolved "https://registry.yarnpkg.com/@supabase/functions-js/-/functions-js-2.93.3.tgz#d5a738ec1703ad356c7138f81796b42189eb2e90"
  integrity sha512-qWO0gHNDm/5jRjROv/nv9L6sYabCWS1kzorOLUv3kqCwRvEJLYZga93ppJPrZwOgoZfXmJzvpjY8fODA4HQfBw==
  dependencies:
    tslib "2.8.1"

"@supabase/postgrest-js@2.93.3":
  version "2.93.3"
  resolved "https://registry.yarnpkg.com/@supabase/postgrest-js/-/postgrest-js-2.93.3.tgz#2b45d1c49896998c1fced008519d729e8fc9e0a1"
  integrity sha512-+iJ96g94skO2e4clsRSmEXg22NUOjh9BziapsJSAvnB1grOBf/BA8vGtCHjNOA+Z6lvKXL1jwBqcL9+fS1W/Lg==
  dependencies:
    tslib "2.8.1"

"@supabase/realtime-js@2.93.3":
  version "2.93.3"
  resolved "https://registry.yarnpkg.com/@supabase/realtime-js/-/realtime-js-2.93.3.tgz#71bb4c57b1fcd7a2d8dfbe60c009d9d403a545ce"
  integrity sha512-gnYpcFzwy8IkezRP4CDbT5I8jOsiOjrWrqTY1B+7jIriXsnpifmlM6RRjLBm9oD7OwPG0/WksniGPdKW67sXOA==
  dependencies:
    "@types/phoenix" "^1.6.6"
    "@types/ws" "^8.18.1"
    tslib "2.8.1"
    ws "^8.18.2"

"@supabase/storage-js@2.93.3":
  version "2.93.3"
  resolved "https://registry.yarnpkg.com/@supabase/storage-js/-/storage-js-2.93.3.tgz#31a4811a366b3ce1d3df30439d53c19fc53ad0b6"
  integrity sha512-cw4qXiLrx3apglDM02Tx/w/stvFlrkKocC6vCvuFAz3JtVEl1zH8MUfDQDTH59kJAQVaVdbewrMWSoBob7REnA==
  dependencies:
    iceberg-js "^0.8.1"
    tslib "2.8.1"

"@supabase/supabase-js@^2.0.0":
  version "2.93.3"
  resolved "https://registry.yarnpkg.com/@supabase/supabase-js/-/supabase-js-2.93.3.tgz#c66d07914f6a6490668d42ee64f3c2fe97a104fb"
  integrity sha512-paUqEqdBI9ztr/4bbMoCgeJ6M8ZTm2fpfjSOlzarPuzYveKFM20ZfDZqUpi9CFfYagYj5Iv3m3ztUjaI9/tM1w==
  dependencies:
    "@supabase/auth-js" "2.93.3"
    "@supabase/functions-js" "2.93.3"
    "@supabase/postgrest-js" "2.93.3"
    "@supabase/realtime-js" "2.93.3"
    "@supabase/storage-js" "2.93.3"

"@types/node@*":
  version "25.1.0"
  resolved "https://registry.yarnpkg.com/@types/node/-/node-25.1.0.tgz#95cc584f1f478301efc86de4f1867e5875e83571"
  integrity sha512-t7frlewr6+cbx+9Ohpl0NOTKXZNV9xHRmNOvql47BFJKcEG1CxtxlPEEe+gR9uhVWM4DwhnvTF110mIL4yP9RA==
  dependencies:
    undici-types "~7.16.0"

"@types/phoenix@^1.6.6":
  version "1.6.7"
  resolved "https://registry.yarnpkg.com/@types/phoenix/-/phoenix-1.6.7.tgz#75137b7ecf732ceaca284cf10c1552071cfff12f"
  integrity sha512-oN9ive//QSBkf19rfDv45M7eZPi0eEXylht2OLEXicu5b4KoQ1OzXIw+xDSGWxSxe1JmepRR/ZH283vsu518/Q==

"@types/ws@^8.18.1":
  version "8.18.1"
  resolved "https://registry.yarnpkg.com/@types/ws/-/ws-8.18.1.tgz#48464e4bf2ddfd17db13d845467f6070ffea4aa9"
  integrity sha512-ThVF6DCVhA8kUGy+aazFQ4kXQ7E1Ty7A3ypFOe0IcJV8O/M511G99AW24irKrW56Wt44yG9+ij8FaqoBGkuBXg==
  dependencies:
    "@types/node" "*"

"@zxing/browser@^0.1.5":
  version "0.1.5"
  resolved "https://registry.yarnpkg.com/@zxing/browser/-/browser-0.1.5.tgz#94c0cdbc8ab5114a82dadee54939de6d9bf7e313"
  integrity sha512-4Lmrn/il4+UNb87Gk8h1iWnhj39TASEHpd91CwwSJtY5u+wa0iH9qS0wNLAWbNVYXR66WmT5uiMhZ7oVTrKfxw==
  optionalDependencies:
    "@zxing/text-encoding" "^0.9.0"

"@zxing/text-encoding@^0.9.0":
  version "0.9.0"
  resolved "https://registry.yarnpkg.com/@zxing/text-encoding/-/text-encoding-0.9.0.tgz#fb50ffabc6c7c66a0c96b4c03e3d9be74864b70b"
  integrity sha512-U/4aVJ2mxI0aDNI8Uq0wEhMgY+u4CNtEb0om3+y3+niDAsoTCOB33UF0sxpzqzdqXLqmvc+vZyAt4O8pPdfkwA==

bmp-js@^0.1.0:
  version "0.1.0"
  resolved "https://registry.yarnpkg.com/bmp-js/-/bmp-js-0.1.0.tgz#e05a63f796a6c1ff25f4771ec7adadc148c07233"
  integrity sha512-vHdS19CnY3hwiNdkaqk93DvjVLfbEcI8mys4UjuWrlX1haDmroo8o4xCzh4wD6DGV6HxRCyauwhHRqMTfERtjw==

iceberg-js@^0.8.1:
  version "0.8.1"
  resolved "https://registry.yarnpkg.com/iceberg-js/-/iceberg-js-0.8.1.tgz#47d893468293a010385e1c70123f29d0fc1d9912"
  integrity sha512-1dhVQZXhcHje7798IVM+xoo/1ZdVfzOMIc8/rgVSijRK38EDqOJoGula9N/8ZI5RD8QTxNQtK/Gozpr+qUqRRA==

idb-keyval@^6.2.0:
  version "6.2.2"
  resolved "https://registry.yarnpkg.com/idb-keyval/-/idb-keyval-6.2.2.tgz#b0171b5f73944854a3291a5cdba8e12768c4854a"
  integrity sha512-yjD9nARJ/jb1g+CvD0tlhUHOrJ9Sy0P8T9MF3YaLlHnSRpwPfpTX0XIvpmw3gAJUmEu3FiICLBDPXVwyEvrleg==

is-url@^1.2.4:
  version "1.2.4"
  resolved "https://registry.yarnpkg.com/is-url/-/is-url-1.2.4.tgz#04a4df46d28c4cff3d73d01ff06abeb318a1aa52"
  integrity sha512-ITvGim8FhRiYe4IQ5uHSkj7pVaPDrCTkNd3yq3cV7iZAcJdHTUMPMEHcqSOy9xZ9qFenQCvi+2wjH9a1nXqHww==

node-fetch@^2.6.9:
  version "2.7.0"
  resolved "https://registry.yarnpkg.com/node-fetch/-/node-fetch-2.7.0.tgz#d0f0fa6e3e2dc1d27efcd8ad99d550bda94d187d"
  integrity sha512-c4FRfUm/dbcWZ7U+1Wq0AwCyFL+3nt2bEw05wfxSz+DWpWsitgmSgYmy2dQdWyKC1694ELPqMs/YzUSNozLt8A==
  dependencies:
    whatwg-url "^5.0.0"

opencollective-postinstall@^2.0.3:
  version "2.0.3"
  resolved "https://registry.yarnpkg.com/opencollective-postinstall/-/opencollective-postinstall-2.0.3.tgz#7a0fff978f6dbfa4d006238fbac98ed4198c3259"
  integrity sha512-8AV/sCtuzUeTo8gQK5qDZzARrulB3egtLzFgteqB2tcT4Mw7B8Kt7JcDHmltjz6FOAHsvTevk70gZEbhM4ZS9Q==

regenerator-runtime@^0.13.3:
  version "0.13.11"
  resolved "https://registry.yarnpkg.com/regenerator-runtime/-/regenerator-runtime-0.13.11.tgz#f6dca3e7ceec20590d07ada785636a90cdca17f9"
  integrity sha512-kY1AZVr2Ra+t+piVaJ4gxaFaReZVH40AKNo7UCX6W+dEwBo/2oZJzqfuN1qLq1oL45o56cPaTXELwrTh8Fpggg==

tesseract.js-core@^7.0.0:
  version "7.0.0"
  resolved "https://registry.yarnpkg.com/tesseract.js-core/-/tesseract.js-core-7.0.0.tgz#596aa1ab5c130adab12f21059e6aa1a1cecc0bab"
  integrity sha512-WnNH518NzmbSq9zgTPeoF8c+xmilS8rFIl1YKbk/ptuuc7p6cLNELNuPAzcmsYw450ca6bLa8j3t0VAtq435Vw==

tesseract.js@^7.0.0:
  version "7.0.0"
  resolved "https://registry.yarnpkg.com/tesseract.js/-/tesseract.js-7.0.0.tgz#4106fb6245efab40c57b94bc1798368807526be8"
  integrity sha512-exPBkd+z+wM1BuMkx/Bjv43OeLBxhL5kKWsz/9JY+DXcXdiBjiAch0V49QR3oAJqCaL5qURE0vx9Eo+G5YE7mA==
  dependencies:
    bmp-js "^0.1.0"
    idb-keyval "^6.2.0"
    is-url "^1.2.4"
    node-fetch "^2.6.9"
    opencollective-postinstall "^2.0.3"
    regenerator-runtime "^0.13.3"
    tesseract.js-core "^7.0.0"
    wasm-feature-detect "^1.8.0"
    zlibjs "^0.3.1"

tr46@~0.0.3:
  version "0.0.3"
  resolved "https://registry.yarnpkg.com/tr46/-/tr46-0.0.3.tgz#8184fd347dac9cdc185992f3a6622e14b9d9ab6a"
  integrity sha512-N3WMsuqV66lT30CrXNbEjx4GEwlow3v6rr4mCcv6prnfwhS01rkgyFdjPNBYd9br7LpXV1+Emh01fHnq2Gdgrw==

tslib@2.8.1:
  version "2.8.1"
  resolved "https://registry.yarnpkg.com/tslib/-/tslib-2.8.1.tgz#612efe4ed235d567e8aba5f2a5fab70280ade83f"
  integrity sha512-oJFu94HQb+KVduSUQL7wnpmqnfmLsOA/nAh6b6EH0wCEoK0/mPeXU6c3wKDV83MkOuHPRHtSXKKU99IBazS/2w==

undici-types@~7.16.0:
  version "7.16.0"
  resolved "https://registry.yarnpkg.com/undici-types/-/undici-types-7.16.0.tgz#ffccdff36aea4884cbfce9a750a0580224f58a46"
  integrity sha512-Zz+aZWSj8LE6zoxD+xrjh4VfkIG8Ya6LvYkZqtUQGJPZjYl53ypCaUwWqo7eI0x66KBGeRo+mlBEkMSeSZ38Nw==

wasm-feature-detect@^1.8.0:
  version "1.8.0"
  resolved "https://registry.yarnpkg.com/wasm-feature-detect/-/wasm-feature-detect-1.8.0.tgz#4e9f55b0a64d801f372fbb0324ed11ad3abd0c78"
  integrity sha512-zksaLKM2fVlnB5jQQDqKXXwYHLQUVH9es+5TOOHwGOVJOCeRBCiPjwSg+3tN2AdTCzjgli4jijCH290kXb/zWQ==

webidl-conversions@^3.0.0:
  version "3.0.1"
  resolved "https://registry.yarnpkg.com/webidl-conversions/-/webidl-conversions-3.0.1.tgz#24534275e2a7bc6be7bc86611cc16ae0a5654871"
  integrity sha512-2JAn3z8AR6rjK8Sm8orRC0h/bcl/DqL7tRPdGZ4I1CjdF+EaMLmYxBHyXuKL849eucPFhvBoxMsflfOb8kxaeQ==

whatwg-url@^5.0.0:
  version "5.0.0"
  resolved "https://registry.yarnpkg.com/whatwg-url/-/whatwg-url-5.0.0.tgz#966454e8765462e37644d3626f6742ce8b70965d"
  integrity sha512-saE57nupxk6v3HY35+jzBwYa0rKSy0XR8JSxZPwgLr7ys0IBzhGviA1/TUGJLmSVqs8pb9AnvICXEuOHLprYTw==
  dependencies:
    tr46 "~0.0.3"
    webidl-conversions "^3.0.0"

ws@^8.18.2:
  version "8.19.0"
  resolved "https://registry.yarnpkg.com/ws/-/ws-8.19.0.tgz#ddc2bdfa5b9ad860204f5a72a4863a8895fd8c8b"
  integrity sha512-blAT2mjOEIi0ZzruJfIhb3nps74PRWTCz1IjglWEEpQl5XS/UNama6u2/rjFkDDouqr4L67ry+1aGIALViWjDg==

zlibjs@^0.3.1:
  version "0.3.1"
  resolved "https://registry.yarnpkg.com/zlibjs/-/zlibjs-0.3.1.tgz#50197edb28a1c42ca659cc8b4e6a9ddd6d444554"
  integrity sha512-+J9RrgTKOmlxFSDHo0pI1xM6BLVUv+o0ZT9ANtCxGkjIVCCUdx9alUF8Gm+dGLKbkkkidWIHFDZHDMpfITt4+w==
